
Microsoft Visual Studio Solution File, Format Version 12.00
Project("{FAE04EC0-301F-11D3-BF4B-00C04F79EFBC}") = "P42WorkflowEngine", "P42WorkflowEngine\P42WorkflowEngine.csproj", "{B3AB6C7F-0A05-4939-B809-382A8340A42A}"
EndProject
Project("{FAE04EC0-301F-11D3-BF4B-00C04F79EFBC}") = "P42WorkflowEngineTestProgram", "P42WorkflowEngineTestProgram\P42WorkflowEngineTestProgram.csproj", "{CBDBBA22-6D25-43ED-AB94-4932EA54DA17}"
EndProject
Global
	GlobalSection(SolutionConfigurationPlatforms) = preSolution
		Debug|Any CPU = Debug|Any CPU
		Release|Any CPU = Release|Any CPU
	EndGlobalSection
	GlobalSection(ProjectConfigurationPlatforms) = postSolution
		{B3AB6C7F-0A05-4939-B809-382A8340A42A}.Debug|Any CPU.ActiveCfg = Debug|Any CPU
		{B3AB6C7F-0A05-4939-B809-382A8340A42A}.Debug|Any CPU.Build.0 = Debug|Any CPU
		{B3AB6C7F-0A05-4939-B809-382A8340A42A}.Release|Any CPU.ActiveCfg = Release|Any CPU
		{B3AB6C7F-0A05-4939-B809-382A8340A42A}.Release|Any CPU.Build.0 = Release|Any CPU
		{CBDBBA22-6D25-43ED-AB94-4932EA54DA17}.Debug|Any CPU.ActiveCfg = Debug|Any CPU
		{CBDBBA22-6D25-43ED-AB94-4932EA54DA17}.Debug|Any CPU.Build.0 = Debug|Any CPU
		{CBDBBA22-6D25-43ED-AB94-4932EA54DA17}.Release|Any CPU.ActiveCfg = Release|Any CPU
		{CBDBBA22-6D25-43ED-AB94-4932EA54DA17}.Release|Any CPU.Build.0 = Release|Any CPU
	EndGlobalSection
EndGlobal
